
Microsoft Visual Studio Solution File, Format Version 12.00
# Visual Studio Version 16
VisualStudioVersion = 16.0.29123.88
MinimumVisualStudioVersion = 10.0.40219.1
Project("{FAE04EC0-301F-11D3-BF4B-00C04F79EFBC}") = "Account", "Account\Account.csproj", "{A78CD5DF-1FF9-4A14-A78F-7AED668C98A4}"
EndProject
Project("{FAE04EC0-301F-11D3-BF4B-00C04F79EFBC}") = "BankAccount", "BankAccount\BankAccount.csproj", "{4A462DDE-D798-4818-BB68-2116834B0035}"
EndProject
Project("{FAE04EC0-301F-11D3-BF4B-00C04F79EFBC}") = "EnergyDrinks", "EnergyDrinks\EnergyDrinks.csproj", "{7FCC007C-DD8E-40D3-9080-690E3A5BCACE}"
EndProject
Project("{FAE04EC0-301F-11D3-BF4B-00C04F79EFBC}") = "FuelConsumptionCalculator", "FuelConsumptionCalculator\FuelConsumptionCalculator.csproj", "{8CFA0561-C4D0-4419-AC65-C90E0AF2C6FC}"
EndProject
Project("{FAE04EC0-301F-11D3-BF4B-00C04F79EFBC}") = "VideoStore", "VideoStore\VideoStore.csproj", "{40352489-4287-4C39-879A-55BB1A9ED983}"
EndProject
Project("{FAE04EC0-301F-11D3-BF4B-00C04F79EFBC}") = "Exercise3", "Exercise3\Exercise3.csproj", "{5D53B076-E6FA-4210-93F9-6F24DBAA8FEF}"
EndProject
Project("{FAE04EC0-301F-11D3-BF4B-00C04F79EFBC}") = "Exercise4", "Exercise4\Exercise4.csproj", "{E1B79231-3774-42BD-8D3D-5D63E660A384}"
EndProject
Project("{FAE04EC0-301F-11D3-BF4B-00C04F79EFBC}") = "Exercise5", "Exercise5\Exercise5.csproj", "{DBB5B40F-F434-4DD0-9F8B-1DFCAC87F83D}"
EndProject
Project("{FAE04EC0-301F-11D3-BF4B-00C04F79EFBC}") = "Exercise1", "Exercise1\Exercise1.csproj", "{1E99A16F-0C7B-4AD5-A893-A6D03A529FC7}"
EndProject
Project("{FAE04EC0-301F-11D3-BF4B-00C04F79EFBC}") = "Exercise7", "Exercise7\Exercise7.csproj", "{15764185-5D20-4315-946E-4D01417961D5}"
EndProject
Project("{FAE04EC0-301F-11D3-BF4B-00C04F79EFBC}") = "Exercise8", "Exercise8\Exercise8.csproj", "{9E23C732-4E6F-416C-9198-17F47D469C5F}"
EndProject
Project("{FAE04EC0-301F-11D3-BF4B-00C04F79EFBC}") = "Exercise9", "Exercise9\Exercise9.csproj", "{8025D9C9-612E-43F9-9ED7-58F464A4663B}"
EndProject
Project("{FAE04EC0-301F-11D3-BF4B-00C04F79EFBC}") = "Exercise1.Test", "Exercise1\Exercise1.Test\Exercise1.Test.csproj", "{679D07CB-2BA7-473A-BB7B-76ED9DCE87B8}"
EndProject
Project("{FAE04EC0-301F-11D3-BF4B-00C04F79EFBC}") = "Exercise5.Test", "Exercise5\Exercise5.Test\Exercise5.Test.csproj", "{7A86F7E7-3B45-46E4-92BD-0D1EF43FE8A3}"
EndProject
Project("{FAE04EC0-301F-11D3-BF4B-00C04F79EFBC}") = "Account.Test", "Account\Account.Test\Account.Test.csproj", "{C9AFB07B-E0FC-4E50-A776-A6D65A0127D5}"
EndProject
Global
	GlobalSection(SolutionConfigurationPlatforms) = preSolution
		Debug|Any CPU = Debug|Any CPU
		Release|Any CPU = Release|Any CPU
	EndGlobalSection
	GlobalSection(ProjectConfigurationPlatforms) = postSolution
		{A78CD5DF-1FF9-4A14-A78F-7AED668C98A4}.Debug|Any CPU.ActiveCfg = Debug|Any CPU
		{A78CD5DF-1FF9-4A14-A78F-7AED668C98A4}.Debug|Any CPU.Build.0 = Debug|Any CPU
		{A78CD5DF-1FF9-4A14-A78F-7AED668C98A4}.Release|Any CPU.ActiveCfg = Release|Any CPU
		{A78CD5DF-1FF9-4A14-A78F-7AED668C98A4}.Release|Any CPU.Build.0 = Release|Any CPU
		{4A462DDE-D798-4818-BB68-2116834B0035}.Debug|Any CPU.ActiveCfg = Debug|Any CPU
		{4A462DDE-D798-4818-BB68-2116834B0035}.Debug|Any CPU.Build.0 = Debug|Any CPU
		{4A462DDE-D798-4818-BB68-2116834B0035}.Release|Any CPU.ActiveCfg = Release|Any CPU
		{4A462DDE-D798-4818-BB68-2116834B0035}.Release|Any CPU.Build.0 = Release|Any CPU
		{7FCC007C-DD8E-40D3-9080-690E3A5BCACE}.Debug|Any CPU.ActiveCfg = Debug|Any CPU
		{7FCC007C-DD8E-40D3-9080-690E3A5BCACE}.Debug|Any CPU.Build.0 = Debug|Any CPU
		{7FCC007C-DD8E-40D3-9080-690E3A5BCACE}.Release|Any CPU.ActiveCfg = Release|Any CPU
		{7FCC007C-DD8E-40D3-9080-690E3A5BCACE}.Release|Any CPU.Build.0 = Release|Any CPU
		{8CFA0561-C4D0-4419-AC65-C90E0AF2C6FC}.Debug|Any CPU.ActiveCfg = Debug|Any CPU
		{8CFA0561-C4D0-4419-AC65-C90E0AF2C6FC}.Debug|Any CPU.Build.0 = Debug|Any CPU
		{8CFA0561-C4D0-4419-AC65-C90E0AF2C6FC}.Release|Any CPU.ActiveCfg = Release|Any CPU
		{8CFA0561-C4D0-4419-AC65-C90E0AF2C6FC}.Release|Any CPU.Build.0 = Release|Any CPU
		{40352489-4287-4C39-879A-55BB1A9ED983}.Debug|Any CPU.ActiveCfg = Debug|Any CPU
		{40352489-4287-4C39-879A-55BB1A9ED983}.Debug|Any CPU.Build.0 = Debug|Any CPU
		{40352489-4287-4C39-879A-55BB1A9ED983}.Release|Any CPU.ActiveCfg = Release|Any CPU
		{40352489-4287-4C39-879A-55BB1A9ED983}.Release|Any CPU.Build.0 = Release|Any CPU
		{5D53B076-E6FA-4210-93F9-6F24DBAA8FEF}.Debug|Any CPU.ActiveCfg = Debug|Any CPU
		{5D53B076-E6FA-4210-93F9-6F24DBAA8FEF}.Debug|Any CPU.Build.0 = Debug|Any CPU
		{5D53B076-E6FA-4210-93F9-6F24DBAA8FEF}.Release|Any CPU.ActiveCfg = Release|Any CPU
		{5D53B076-E6FA-4210-93F9-6F24DBAA8FEF}.Release|Any CPU.Build.0 = Release|Any CPU
		{E1B79231-3774-42BD-8D3D-5D63E660A384}.Debug|Any CPU.ActiveCfg = Debug|Any CPU
		{E1B79231-3774-42BD-8D3D-5D63E660A384}.Debug|Any CPU.Build.0 = Debug|Any CPU
		{E1B79231-3774-42BD-8D3D-5D63E660A384}.Release|Any CPU.ActiveCfg = Release|Any CPU
		{E1B79231-3774-42BD-8D3D-5D63E660A384}.Release|Any CPU.Build.0 = Release|Any CPU
		{DBB5B40F-F434-4DD0-9F8B-1DFCAC87F83D}.Debug|Any CPU.ActiveCfg = Debug|Any CPU
		{DBB5B40F-F434-4DD0-9F8B-1DFCAC87F83D}.Debug|Any CPU.Build.0 = Debug|Any CPU
		{DBB5B40F-F434-4DD0-9F8B-1DFCAC87F83D}.Release|Any CPU.ActiveCfg = Release|Any CPU
		{DBB5B40F-F434-4DD0-9F8B-1DFCAC87F83D}.Release|Any CPU.Build.0 = Release|Any CPU
		{1E99A16F-0C7B-4AD5-A893-A6D03A529FC7}.Debug|Any CPU.ActiveCfg = Debug|Any CPU
		{1E99A16F-0C7B-4AD5-A893-A6D03A529FC7}.Debug|Any CPU.Build.0 = Debug|Any CPU
		{1E99A16F-0C7B-4AD5-A893-A6D03A529FC7}.Release|Any CPU.ActiveCfg = Release|Any CPU
		{1E99A16F-0C7B-4AD5-A893-A6D03A529FC7}.Release|Any CPU.Build.0 = Release|Any CPU
		{15764185-5D20-4315-946E-4D01417961D5}.Debug|Any CPU.ActiveCfg = Debug|Any CPU
		{15764185-5D20-4315-946E-4D01417961D5}.Debug|Any CPU.Build.0 = Debug|Any CPU
		{15764185-5D20-4315-946E-4D01417961D5}.Release|Any CPU.ActiveCfg = Release|Any CPU
		{15764185-5D20-4315-946E-4D01417961D5}.Release|Any CPU.Build.0 = Release|Any CPU
		{9E23C732-4E6F-416C-9198-17F47D469C5F}.Debug|Any CPU.ActiveCfg = Debug|Any CPU
		{9E23C732-4E6F-416C-9198-17F47D469C5F}.Debug|Any CPU.Build.0 = Debug|Any CPU
		{9E23C732-4E6F-416C-9198-17F47D469C5F}.Release|Any CPU.ActiveCfg = Release|Any CPU
		{9E23C732-4E6F-416C-9198-17F47D469C5F}.Release|Any CPU.Build.0 = Release|Any CPU
		{8025D9C9-612E-43F9-9ED7-58F464A4663B}.Debug|Any CPU.ActiveCfg = Debug|Any CPU
		{8025D9C9-612E-43F9-9ED7-58F464A4663B}.Debug|Any CPU.Build.0 = Debug|Any CPU
		{8025D9C9-612E-43F9-9ED7-58F464A4663B}.Release|Any CPU.ActiveCfg = Release|Any CPU
		{8025D9C9-612E-43F9-9ED7-58F464A4663B}.Release|Any CPU.Build.0 = Release|Any CPU
		{679D07CB-2BA7-473A-BB7B-76ED9DCE87B8}.Debug|Any CPU.ActiveCfg = Debug|Any CPU
		{679D07CB-2BA7-473A-BB7B-76ED9DCE87B8}.Debug|Any CPU.Build.0 = Debug|Any CPU
		{679D07CB-2BA7-473A-BB7B-76ED9DCE87B8}.Release|Any CPU.ActiveCfg = Release|Any CPU
		{679D07CB-2BA7-473A-BB7B-76ED9DCE87B8}.Release|Any CPU.Build.0 = Release|Any CPU
		{7A86F7E7-3B45-46E4-92BD-0D1EF43FE8A3}.Debug|Any CPU.ActiveCfg = Debug|Any CPU
		{7A86F7E7-3B45-46E4-92BD-0D1EF43FE8A3}.Debug|Any CPU.Build.0 = Debug|Any CPU
		{7A86F7E7-3B45-46E4-92BD-0D1EF43FE8A3}.Release|Any CPU.ActiveCfg = Release|Any CPU
		{7A86F7E7-3B45-46E4-92BD-0D1EF43FE8A3}.Release|Any CPU.Build.0 = Release|Any CPU
		{C9AFB07B-E0FC-4E50-A776-A6D65A0127D5}.Debug|Any CPU.ActiveCfg = Debug|Any CPU
		{C9AFB07B-E0FC-4E50-A776-A6D65A0127D5}.Debug|Any CPU.Build.0 = Debug|Any CPU
		{C9AFB07B-E0FC-4E50-A776-A6D65A0127D5}.Release|Any CPU.ActiveCfg = Release|Any CPU
		{C9AFB07B-E0FC-4E50-A776-A6D65A0127D5}.Release|Any CPU.Build.0 = Release|Any CPU
	EndGlobalSection
	GlobalSection(SolutionProperties) = preSolution
		HideSolutionNode = FALSE
	EndGlobalSection
	GlobalSection(ExtensibilityGlobals) = postSolution
		SolutionGuid = {57C5E787-AAEA-41CC-BD12-4A66023D0568}
	EndGlobalSection
EndGlobal
